
Microsoft Visual Studio Solution File, Format Version 12.00
# Visual Studio 15
VisualStudioVersion = 15.0.28307.1259
MinimumVisualStudioVersion = 10.0.40219.1
Project("{FAE04EC0-301F-11D3-BF4B-00C04F79EFBC}") = "MemoryLib", "MemoryLib\MemoryLib.csproj", "{50A6662B-16D7-4876-AB0E-3CD2B4C32751}"
EndProject
Global
	GlobalSection(SolutionConfigurationPlatforms) = preSolution
		Debug|Any CPU = Debug|Any CPU
		Release|Any CPU = Release|Any CPU
	EndGlobalSection
	GlobalSection(ProjectConfigurationPlatforms) = postSolution
		{50A6662B-16D7-4876-AB0E-3CD2B4C32751}.Debug|Any CPU.ActiveCfg = Debug|Any CPU
		{50A6662B-16D7-4876-AB0E-3CD2B4C32751}.Debug|Any CPU.Build.0 = Debug|Any CPU
		{50A6662B-16D7-4876-AB0E-3CD2B4C32751}.Release|Any CPU.ActiveCfg = Release|Any CPU
		{50A6662B-16D7-4876-AB0E-3CD2B4C32751}.Release|Any CPU.Build.0 = Release|Any CPU
	EndGlobalSection
	GlobalSection(SolutionProperties) = preSolution
		HideSolutionNode = FALSE
	EndGlobalSection
	GlobalSection(ExtensibilityGlobals) = postSolution
		SolutionGuid = {ACF21884-6D02-4B95-B29D-18C02AEAAC89}
	EndGlobalSection
EndGlobal
